
Microsoft Visual Studio Solution File, Format Version 12.00
# Visual Studio Version 17
VisualStudioVersion = 17.9.34728.123
MinimumVisualStudioVersion = 10.0.40219.1
Project("{FAE04EC0-301F-11D3-BF4B-00C04F79EFBC}") = "CodeFirst.App", "CodeFirst.App\CodeFirst.App.csproj", "{EAB1FC1D-85F5-42B9-8E15-D0AFCCA45B4D}"
EndProject
Global
	GlobalSection(SolutionConfigurationPlatforms) = preSolution
		Debug|Any CPU = Debug|Any CPU
		Release|Any CPU = Release|Any CPU
	EndGlobalSection
	GlobalSection(ProjectConfigurationPlatforms) = postSolution
		{EAB1FC1D-85F5-42B9-8E15-D0AFCCA45B4D}.Debug|Any CPU.ActiveCfg = Debug|Any CPU
		{EAB1FC1D-85F5-42B9-8E15-D0AFCCA45B4D}.Debug|Any CPU.Build.0 = Debug|Any CPU
		{EAB1FC1D-85F5-42B9-8E15-D0AFCCA45B4D}.Release|Any CPU.ActiveCfg = Release|Any CPU
		{EAB1FC1D-85F5-42B9-8E15-D0AFCCA45B4D}.Release|Any CPU.Build.0 = Release|Any CPU
	EndGlobalSection
	GlobalSection(SolutionProperties) = preSolution
		HideSolutionNode = FALSE
	EndGlobalSection
	GlobalSection(ExtensibilityGlobals) = postSolution
		SolutionGuid = {540B5E56-577D-432A-B06D-36ADDE8B0DC4}
	EndGlobalSection
EndGlobal
